
Microsoft Visual Studio Solution File, Format Version 12.00
# Visual Studio 15
VisualStudioVersion = 15.0.27130.2020
MinimumVisualStudioVersion = 10.0.40219.1
Project("{FAE04EC0-301F-11D3-BF4B-00C04F79EFBC}") = "HW9", "HW9.csproj", "{42DE78FC-B193-4B9A-AE07-C3182740FC7E}"
EndProject
Global
	GlobalSection(SolutionConfigurationPlatforms) = preSolution
		Debug|Any CPU = Debug|Any CPU
		Release|Any CPU = Release|Any CPU
	EndGlobalSection
	GlobalSection(ProjectConfigurationPlatforms) = postSolution
		{42DE78FC-B193-4B9A-AE07-C3182740FC7E}.Debug|Any CPU.ActiveCfg = Debug|Any CPU
		{42DE78FC-B193-4B9A-AE07-C3182740FC7E}.Debug|Any CPU.Build.0 = Debug|Any CPU
		{42DE78FC-B193-4B9A-AE07-C3182740FC7E}.Release|Any CPU.ActiveCfg = Release|Any CPU
		{42DE78FC-B193-4B9A-AE07-C3182740FC7E}.Release|Any CPU.Build.0 = Release|Any CPU
	EndGlobalSection
	GlobalSection(SolutionProperties) = preSolution
		HideSolutionNode = FALSE
	EndGlobalSection
	GlobalSection(ExtensibilityGlobals) = postSolution
		SolutionGuid = {05510E0E-8289-4C8E-B26C-2C5BD7515752}
	EndGlobalSection
EndGlobal
